
Microsoft Visual Studio Solution File, Format Version 12.00
# Visual Studio Version 17
VisualStudioVersion = 17.10.34928.147
MinimumVisualStudioVersion = 10.0.40219.1
Project("{9A19103F-16F7-4668-BE54-9A1E7A4F7556}") = "StacyClouds.SwaAuth", "StacyClouds.SwaAuth\StacyClouds.SwaAuth.csproj", "{E3803CAC-2275-4DA0-83D3-18F3865E87A4}"
EndProject
Project("{2150E333-8FDC-42A3-9474-1A3956D46DE8}") = "Workflows", "Workflows", "{F3390B76-AA30-415C-8C91-C5A17375C0CA}"
	ProjectSection(SolutionItems) = preProject
		.github\workflows\cd.yml = .github\workflows\cd.yml
	EndProjectSection
EndProject
Global
	GlobalSection(SolutionConfigurationPlatforms) = preSolution
		Debug|Any CPU = Debug|Any CPU
		Release|Any CPU = Release|Any CPU
	EndGlobalSection
	GlobalSection(ProjectConfigurationPlatforms) = postSolution
		{E3803CAC-2275-4DA0-83D3-18F3865E87A4}.Debug|Any CPU.ActiveCfg = Debug|Any CPU
		{E3803CAC-2275-4DA0-83D3-18F3865E87A4}.Debug|Any CPU.Build.0 = Debug|Any CPU
		{E3803CAC-2275-4DA0-83D3-18F3865E87A4}.Release|Any CPU.ActiveCfg = Release|Any CPU
		{E3803CAC-2275-4DA0-83D3-18F3865E87A4}.Release|Any CPU.Build.0 = Release|Any CPU
	EndGlobalSection
	GlobalSection(SolutionProperties) = preSolution
		HideSolutionNode = FALSE
	EndGlobalSection
	GlobalSection(ExtensibilityGlobals) = postSolution
		SolutionGuid = {74021EA9-70D2-45D3-B531-9BD1F094BC79}
	EndGlobalSection
EndGlobal
